
Microsoft Visual Studio Solution File, Format Version 12.00
# Visual Studio Version 17
VisualStudioVersion = 17.1.32210.238
MinimumVisualStudioVersion = 10.0.40219.1
Project("{9A19103F-16F7-4668-BE54-9A1E7A4F7556}") = "Deleter", "Lab13\Deleter.csproj", "{4EBE6EEB-8FA0-4490-A57F-2E72472E0E02}"
EndProject
Project("{9A19103F-16F7-4668-BE54-9A1E7A4F7556}") = "Curse Lab", "Curse Lab\Curse Lab.csproj", "{449963BD-A503-44FD-9781-9F6F413D3123}"
EndProject
Project("{FAE04EC0-301F-11D3-BF4B-00C04F79EFBC}") = "Database", "Database\Database.csproj", "{7FBE40D7-6AC0-4C54-844D-419C9D9F0044}"
EndProject
Global
	GlobalSection(SolutionConfigurationPlatforms) = preSolution
		Debug|Any CPU = Debug|Any CPU
		Publish|Any CPU = Publish|Any CPU
		Release|Any CPU = Release|Any CPU
	EndGlobalSection
	GlobalSection(ProjectConfigurationPlatforms) = postSolution
		{4EBE6EEB-8FA0-4490-A57F-2E72472E0E02}.Debug|Any CPU.ActiveCfg = Debug|Any CPU
		{4EBE6EEB-8FA0-4490-A57F-2E72472E0E02}.Debug|Any CPU.Build.0 = Debug|Any CPU
		{4EBE6EEB-8FA0-4490-A57F-2E72472E0E02}.Publish|Any CPU.ActiveCfg = Debug|Any CPU
		{4EBE6EEB-8FA0-4490-A57F-2E72472E0E02}.Publish|Any CPU.Build.0 = Debug|Any CPU
		{4EBE6EEB-8FA0-4490-A57F-2E72472E0E02}.Release|Any CPU.ActiveCfg = Release|Any CPU
		{4EBE6EEB-8FA0-4490-A57F-2E72472E0E02}.Release|Any CPU.Build.0 = Release|Any CPU
		{449963BD-A503-44FD-9781-9F6F413D3123}.Debug|Any CPU.ActiveCfg = Debug|Any CPU
		{449963BD-A503-44FD-9781-9F6F413D3123}.Debug|Any CPU.Build.0 = Debug|Any CPU
		{449963BD-A503-44FD-9781-9F6F413D3123}.Publish|Any CPU.ActiveCfg = Debug|Any CPU
		{449963BD-A503-44FD-9781-9F6F413D3123}.Publish|Any CPU.Build.0 = Debug|Any CPU
		{449963BD-A503-44FD-9781-9F6F413D3123}.Release|Any CPU.ActiveCfg = Release|Any CPU
		{449963BD-A503-44FD-9781-9F6F413D3123}.Release|Any CPU.Build.0 = Release|Any CPU
		{7FBE40D7-6AC0-4C54-844D-419C9D9F0044}.Debug|Any CPU.ActiveCfg = Debug|Any CPU
		{7FBE40D7-6AC0-4C54-844D-419C9D9F0044}.Debug|Any CPU.Build.0 = Debug|Any CPU
		{7FBE40D7-6AC0-4C54-844D-419C9D9F0044}.Publish|Any CPU.ActiveCfg = Debug|Any CPU
		{7FBE40D7-6AC0-4C54-844D-419C9D9F0044}.Publish|Any CPU.Build.0 = Debug|Any CPU
		{7FBE40D7-6AC0-4C54-844D-419C9D9F0044}.Release|Any CPU.ActiveCfg = Release|Any CPU
		{7FBE40D7-6AC0-4C54-844D-419C9D9F0044}.Release|Any CPU.Build.0 = Release|Any CPU
	EndGlobalSection
	GlobalSection(SolutionProperties) = preSolution
		HideSolutionNode = FALSE
	EndGlobalSection
	GlobalSection(ExtensibilityGlobals) = postSolution
		SolutionGuid = {8B94CF8E-FD18-4C7D-9FF9-F059E19C62C5}
	EndGlobalSection
EndGlobal
